
Microsoft Visual Studio Solution File, Format Version 12.00
# Visual Studio Version 17
VisualStudioVersion = 17.3.32929.385
MinimumVisualStudioVersion = 10.0.40219.1
Project("{FAE04EC0-301F-11D3-BF4B-00C04F79EFBC}") = "THA_W7_Benito", "THA_W7_Benito\THA_W7_Benito.csproj", "{B084261C-3E47-49BA-BF09-61ECBFF3C734}"
EndProject
Global
	GlobalSection(SolutionConfigurationPlatforms) = preSolution
		Debug|Any CPU = Debug|Any CPU
		Release|Any CPU = Release|Any CPU
	EndGlobalSection
	GlobalSection(ProjectConfigurationPlatforms) = postSolution
		{B084261C-3E47-49BA-BF09-61ECBFF3C734}.Debug|Any CPU.ActiveCfg = Debug|Any CPU
		{B084261C-3E47-49BA-BF09-61ECBFF3C734}.Debug|Any CPU.Build.0 = Debug|Any CPU
		{B084261C-3E47-49BA-BF09-61ECBFF3C734}.Release|Any CPU.ActiveCfg = Release|Any CPU
		{B084261C-3E47-49BA-BF09-61ECBFF3C734}.Release|Any CPU.Build.0 = Release|Any CPU
	EndGlobalSection
	GlobalSection(SolutionProperties) = preSolution
		HideSolutionNode = FALSE
	EndGlobalSection
	GlobalSection(ExtensibilityGlobals) = postSolution
		SolutionGuid = {DE00A1CA-CCCD-4F93-B3CA-A7051BB72C87}
	EndGlobalSection
EndGlobal
